
Microsoft Visual Studio Solution File, Format Version 12.00
# Visual Studio Version 17
VisualStudioVersion = 17.4.33205.214
MinimumVisualStudioVersion = 10.0.40219.1
Project("{FAE04EC0-301F-11D3-BF4B-00C04F79EFBC}") = "HamuQonda", "HamuQonda.csproj", "{F8FDF74C-A472-48FA-9A0C-364B577B1A02}"
EndProject
Global
	GlobalSection(SolutionConfigurationPlatforms) = preSolution
		Debug|Any CPU = Debug|Any CPU
		Release|Any CPU = Release|Any CPU
	EndGlobalSection
	GlobalSection(ProjectConfigurationPlatforms) = postSolution
		{F8FDF74C-A472-48FA-9A0C-364B577B1A02}.Debug|Any CPU.ActiveCfg = Debug|Any CPU
		{F8FDF74C-A472-48FA-9A0C-364B577B1A02}.Debug|Any CPU.Build.0 = Debug|Any CPU
		{F8FDF74C-A472-48FA-9A0C-364B577B1A02}.Release|Any CPU.ActiveCfg = Release|Any CPU
		{F8FDF74C-A472-48FA-9A0C-364B577B1A02}.Release|Any CPU.Build.0 = Release|Any CPU
	EndGlobalSection
	GlobalSection(SolutionProperties) = preSolution
		HideSolutionNode = FALSE
	EndGlobalSection
	GlobalSection(ExtensibilityGlobals) = postSolution
		SolutionGuid = {0AF523EE-AA97-4FA9-BBAB-A81E0C041E11}
	EndGlobalSection
EndGlobal
